# versions.lock — pinned tool versions. Generated by 'make freeze'.
# Generated (UTC): 2026-08-28T01:49:27Z
# Columns: name <TAB> channel(gh|conda|pip) <TAB> version-or-tag
# 'gh' means a release tag from the tool's forge (GitHub, or the Gitea
# host named in binaries.tsv), not that it came from github.com.
# Unpin a tool by deleting its line (falls back to latest); delete the
# whole file to unpin everything.
bat	gh	v0.26.1
eza	gh	v0.23.5
fd	gh	v10.5.0
rg	gh	15.2.0
sd	gh	v1.1.0
dust	gh	v1.2.5
duf	gh	v0.9.1
procs	gh	v0.14.12
btop	gh	v1.4.7
delta	gh	0.19.2
hyperfine	gh	v1.20.0
jq	gh	jq-1.8.2
yq	gh	v4.53.6
mlr	gh	v6.21.0
csvtk	gh	v0.37.0
seqkit	gh	v2.13.0
duckdb	gh	v1.5.5
fzf	gh	v0.74.3
zoxide	gh	v0.10.0
atuin	gh	v18.20.1
yazi	gh	v26.8.15
broot	gh	v1.59.0
starship	gh	v1.26.0
direnv	gh	v2.37.1
just	gh	1.58.0
chezmoi	gh	v2.72.0
xh	gh	v0.26.2
tldr	gh	v1.9.0
lazygit	gh	v0.64.1
trippy	gh	0.13.0
tt	gh	v0.4.2
ttyper	gh	v1.6.0
tea	gh	v0.15.1
gh	gh	v2.98.0
pandoc	gh	3.10.2
viddy	gh	v1.3.1
ollama	gh	v0.33.1
tmux	conda	3.7c_
zsh	conda	5.9
datamash	conda	1.9
parallel	conda	20260722
pv	conda	1.6.6
goaccess	conda	1.10.2
xclip	conda	0.13
visidata	pip	3.4
llm	pip	0.33
