# versions.lock — pinned tool versions. Generated by 'make freeze'.
# Generated (UTC): 2026-07-21T23:18:10Z
# Columns: name <TAB> channel(gh|conda|pip) <TAB> version-or-tag
# Unpin a tool by deleting its line (falls back to latest); delete the
# whole file to unpin everything.
bat	gh	v0.26.1
eza	gh	v0.23.5
fd	gh	v10.4.2
rg	gh	15.2.0
sd	gh	v1.1.0
dust	gh	v1.2.4
duf	gh	v0.9.1
procs	gh	v0.14.12
btop	gh	v1.4.7
delta	gh	0.19.2
hyperfine	gh	v1.20.0
jq	gh	jq-1.8.2
yq	gh	v4.53.3
mlr	gh	v6.20.2
csvtk	gh	v0.37.0
seqkit	gh	v2.13.0
fzf	gh	v0.74.1
zoxide	gh	v0.10.0
atuin	gh	v18.17.1
yazi	gh	v26.5.6
broot	gh	v1.58.0
starship	gh	v1.26.0
direnv	gh	v2.37.1
just	gh	1.57.0
chezmoi	gh	v2.71.1
xh	gh	v0.26.1
tldr	gh	v1.8.1
tmux	conda	3.7b_
zsh	conda	5.9
datamash	conda	1.9
visidata	pip	3.4
gh	gh	v2.96.0
pandoc	gh	3.10
viddy	gh	v1.3.1
parallel	conda	20260622
pv	conda	1.6.6
